# This file is automatically @generated by Cargo.
# It is not intended for manual editing.
version = 4

[[package]]
name = "cpu_temp_reader"
version = "0.2.0"
dependencies = [
 "embed-manifest",
]

[[package]]
name = "embed-manifest"
version = "1.5.0"
source = "registry+https://github.com/rust-lang/crates.io-index"
checksum = "94cdc65b1cf9e871453ce2f86f5aaec24ff2eaa36a1fa3e02e441dddc3613b99"
